
Microsoft Visual Studio Solution File, Format Version 12.00
# Visual Studio 15
VisualStudioVersion = 15.0.28307.779
MinimumVisualStudioVersion = 10.0.40219.1
Project("{9092AA53-FB77-4645-B42D-1CCCA6BD08BD}") = "basicCalculator", "basicCalculator\basicCalculator.njsproj", "{C8247AF5-A3A3-4E92-BC11-F126DDC3B5E7}"
EndProject
Global
	GlobalSection(SolutionConfigurationPlatforms) = preSolution
		Debug|Any CPU = Debug|Any CPU
		Release|Any CPU = Release|Any CPU
	EndGlobalSection
	GlobalSection(ProjectConfigurationPlatforms) = postSolution
		{C8247AF5-A3A3-4E92-BC11-F126DDC3B5E7}.Debug|Any CPU.ActiveCfg = Debug|Any CPU
		{C8247AF5-A3A3-4E92-BC11-F126DDC3B5E7}.Debug|Any CPU.Build.0 = Debug|Any CPU
		{C8247AF5-A3A3-4E92-BC11-F126DDC3B5E7}.Release|Any CPU.ActiveCfg = Release|Any CPU
		{C8247AF5-A3A3-4E92-BC11-F126DDC3B5E7}.Release|Any CPU.Build.0 = Release|Any CPU
	EndGlobalSection
	GlobalSection(SolutionProperties) = preSolution
		HideSolutionNode = FALSE
	EndGlobalSection
	GlobalSection(ExtensibilityGlobals) = postSolution
		SolutionGuid = {EADE0E95-3E5E-468E-81F8-095BD804DAB8}
	EndGlobalSection
EndGlobal
